
Microsoft Visual Studio Solution File, Format Version 12.00
# Visual Studio Version 17
VisualStudioVersion = 17.5.2.0
MinimumVisualStudioVersion = 10.0.40219.1
Project("{2150E333-8FDC-42A3-9474-1A3956D46DE8}") = "src", "src", "{827E0CD3-B72D-47B6-A68D-7590B98EB39B}"
EndProject
Project("{FAE04EC0-301F-11D3-BF4B-00C04F79EFBC}") = "RateLimiter.Api", "src\RateLimiter.Api\RateLimiter.Api.csproj", "{40BC9164-F62F-4DCC-A2C3-B28088C529EE}"
EndProject
Project("{FAE04EC0-301F-11D3-BF4B-00C04F79EFBC}") = "RateLimiter.Domain", "src\RateLimiter.Domain\RateLimiter.Domain.csproj", "{1FD57D04-0183-429C-AC8D-4782E01B767C}"
EndProject
Project("{FAE04EC0-301F-11D3-BF4B-00C04F79EFBC}") = "RateLimiter.Persistence", "src\RateLimiter.Persistence\RateLimiter.Persistence.csproj", "{14FFFEC3-00E8-44AA-8BF5-477D3630DB98}"
EndProject
Project("{FAE04EC0-301F-11D3-BF4B-00C04F79EFBC}") = "RateLimiter.Tests", "src\RateLimiter.Tests\RateLimiter.Tests.csproj", "{82B4CF34-7892-4F75-90D4-E6E0440F8C9A}"
EndProject
Global
	GlobalSection(SolutionConfigurationPlatforms) = preSolution
		Debug|Any CPU = Debug|Any CPU
		Debug|x64 = Debug|x64
		Debug|x86 = Debug|x86
		Release|Any CPU = Release|Any CPU
		Release|x64 = Release|x64
		Release|x86 = Release|x86
	EndGlobalSection
	GlobalSection(ProjectConfigurationPlatforms) = postSolution
		{40BC9164-F62F-4DCC-A2C3-B28088C529EE}.Debug|Any CPU.ActiveCfg = Debug|Any CPU
		{40BC9164-F62F-4DCC-A2C3-B28088C529EE}.Debug|Any CPU.Build.0 = Debug|Any CPU
		{40BC9164-F62F-4DCC-A2C3-B28088C529EE}.Debug|x64.ActiveCfg = Debug|Any CPU
		{40BC9164-F62F-4DCC-A2C3-B28088C529EE}.Debug|x64.Build.0 = Debug|Any CPU
		{40BC9164-F62F-4DCC-A2C3-B28088C529EE}.Debug|x86.ActiveCfg = Debug|Any CPU
		{40BC9164-F62F-4DCC-A2C3-B28088C529EE}.Debug|x86.Build.0 = Debug|Any CPU
		{40BC9164-F62F-4DCC-A2C3-B28088C529EE}.Release|Any CPU.ActiveCfg = Release|Any CPU
		{40BC9164-F62F-4DCC-A2C3-B28088C529EE}.Release|Any CPU.Build.0 = Release|Any CPU
		{40BC9164-F62F-4DCC-A2C3-B28088C529EE}.Release|x64.ActiveCfg = Release|Any CPU
		{40BC9164-F62F-4DCC-A2C3-B28088C529EE}.Release|x64.Build.0 = Release|Any CPU
		{40BC9164-F62F-4DCC-A2C3-B28088C529EE}.Release|x86.ActiveCfg = Release|Any CPU
		{40BC9164-F62F-4DCC-A2C3-B28088C529EE}.Release|x86.Build.0 = Release|Any CPU
		{1FD57D04-0183-429C-AC8D-4782E01B767C}.Debug|Any CPU.ActiveCfg = Debug|Any CPU
		{1FD57D04-0183-429C-AC8D-4782E01B767C}.Debug|Any CPU.Build.0 = Debug|Any CPU
		{1FD57D04-0183-429C-AC8D-4782E01B767C}.Debug|x64.ActiveCfg = Debug|Any CPU
		{1FD57D04-0183-429C-AC8D-4782E01B767C}.Debug|x64.Build.0 = Debug|Any CPU
		{1FD57D04-0183-429C-AC8D-4782E01B767C}.Debug|x86.ActiveCfg = Debug|Any CPU
		{1FD57D04-0183-429C-AC8D-4782E01B767C}.Debug|x86.Build.0 = Debug|Any CPU
		{1FD57D04-0183-429C-AC8D-4782E01B767C}.Release|Any CPU.ActiveCfg = Release|Any CPU
		{1FD57D04-0183-429C-AC8D-4782E01B767C}.Release|Any CPU.Build.0 = Release|Any CPU
		{1FD57D04-0183-429C-AC8D-4782E01B767C}.Release|x64.ActiveCfg = Release|Any CPU
		{1FD57D04-0183-429C-AC8D-4782E01B767C}.Release|x64.Build.0 = Release|Any CPU
		{1FD57D04-0183-429C-AC8D-4782E01B767C}.Release|x86.ActiveCfg = Release|Any CPU
		{1FD57D04-0183-429C-AC8D-4782E01B767C}.Release|x86.Build.0 = Release|Any CPU
		{14FFFEC3-00E8-44AA-8BF5-477D3630DB98}.Debug|Any CPU.ActiveCfg = Debug|Any CPU
		{14FFFEC3-00E8-44AA-8BF5-477D3630DB98}.Debug|Any CPU.Build.0 = Debug|Any CPU
		{14FFFEC3-00E8-44AA-8BF5-477D3630DB98}.Debug|x64.ActiveCfg = Debug|Any CPU
		{14FFFEC3-00E8-44AA-8BF5-477D3630DB98}.Debug|x64.Build.0 = Debug|Any CPU
		{14FFFEC3-00E8-44AA-8BF5-477D3630DB98}.Debug|x86.ActiveCfg = Debug|Any CPU
		{14FFFEC3-00E8-44AA-8BF5-477D3630DB98}.Debug|x86.Build.0 = Debug|Any CPU
		{14FFFEC3-00E8-44AA-8BF5-477D3630DB98}.Release|Any CPU.ActiveCfg = Release|Any CPU
		{14FFFEC3-00E8-44AA-8BF5-477D3630DB98}.Release|Any CPU.Build.0 = Release|Any CPU
		{14FFFEC3-00E8-44AA-8BF5-477D3630DB98}.Release|x64.ActiveCfg = Release|Any CPU
		{14FFFEC3-00E8-44AA-8BF5-477D3630DB98}.Release|x64.Build.0 = Release|Any CPU
		{14FFFEC3-00E8-44AA-8BF5-477D3630DB98}.Release|x86.ActiveCfg = Release|Any CPU
		{14FFFEC3-00E8-44AA-8BF5-477D3630DB98}.Release|x86.Build.0 = Release|Any CPU
		{82B4CF34-7892-4F75-90D4-E6E0440F8C9A}.Debug|Any CPU.ActiveCfg = Debug|Any CPU
		{82B4CF34-7892-4F75-90D4-E6E0440F8C9A}.Debug|Any CPU.Build.0 = Debug|Any CPU
		{82B4CF34-7892-4F75-90D4-E6E0440F8C9A}.Debug|x64.ActiveCfg = Debug|Any CPU
		{82B4CF34-7892-4F75-90D4-E6E0440F8C9A}.Debug|x64.Build.0 = Debug|Any CPU
		{82B4CF34-7892-4F75-90D4-E6E0440F8C9A}.Debug|x86.ActiveCfg = Debug|Any CPU
		{82B4CF34-7892-4F75-90D4-E6E0440F8C9A}.Debug|x86.Build.0 = Debug|Any CPU
		{82B4CF34-7892-4F75-90D4-E6E0440F8C9A}.Release|Any CPU.ActiveCfg = Release|Any CPU
		{82B4CF34-7892-4F75-90D4-E6E0440F8C9A}.Release|Any CPU.Build.0 = Release|Any CPU
		{82B4CF34-7892-4F75-90D4-E6E0440F8C9A}.Release|x64.ActiveCfg = Release|Any CPU
		{82B4CF34-7892-4F75-90D4-E6E0440F8C9A}.Release|x64.Build.0 = Release|Any CPU
		{82B4CF34-7892-4F75-90D4-E6E0440F8C9A}.Release|x86.ActiveCfg = Release|Any CPU
		{82B4CF34-7892-4F75-90D4-E6E0440F8C9A}.Release|x86.Build.0 = Release|Any CPU
	EndGlobalSection
	GlobalSection(SolutionProperties) = preSolution
		HideSolutionNode = FALSE
	EndGlobalSection
	GlobalSection(NestedProjects) = preSolution
		{40BC9164-F62F-4DCC-A2C3-B28088C529EE} = {827E0CD3-B72D-47B6-A68D-7590B98EB39B}
		{1FD57D04-0183-429C-AC8D-4782E01B767C} = {827E0CD3-B72D-47B6-A68D-7590B98EB39B}
		{14FFFEC3-00E8-44AA-8BF5-477D3630DB98} = {827E0CD3-B72D-47B6-A68D-7590B98EB39B}
		{82B4CF34-7892-4F75-90D4-E6E0440F8C9A} = {827E0CD3-B72D-47B6-A68D-7590B98EB39B}
	EndGlobalSection
	GlobalSection(ExtensibilityGlobals) = postSolution
		SolutionGuid = {2E32B5A9-6C87-4BF6-BAB6-C2F9C837011F}
	EndGlobalSection
EndGlobal
